// !$*UTF8*$!
{
	archiveVersion = 1;
	classes = {
	};
	objectVersion = 50;
	objects = {

/* Begin PBXBuildFile section */
		966A086321354E4500EDAE08 /* base.cpp in Sources */ = {isa = PBXBuildFile; fileRef = 966A085C21354E4500EDAE08 /* base.cpp */; };
		966A086421354E4500EDAE08 /* EventManager.cpp in Sources */ = {isa = PBXBuildFile; fileRef = 966A085D21354E4500EDAE08 /* EventManager.cpp */; };
		966A086521354E4500EDAE08 /* MessageQueue.cpp in Sources */ = {isa = PBXBuildFile; fileRef = 966A085E21354E4500EDAE08 /* MessageQueue.cpp */; };
		966A086621354E4500EDAE08 /* MessageQueueManager.cpp in Sources */ = {isa = PBXBuildFile; fileRef = 966A085F21354E4500EDAE08 /* MessageQueueManager.cpp */; };
		966A086721354E4500EDAE08 /* SocketClientApplication.cpp in Sources */ = {isa = PBXBuildFile; fileRef = 966A086021354E4500EDAE08 /* SocketClientApplication.cpp */; };
		966A086821354E4500EDAE08 /* Logger.cpp in Sources */ = {isa = PBXBuildFile; fileRef = 966A086121354E4500EDAE08 /* Logger.cpp */; };
		966A086921354E4500EDAE08 /* SocketApplication.cpp in Sources */ = {isa = PBXBuildFile; fileRef = 966A086221354E4500EDAE08 /* SocketApplication.cpp */; };
/* End PBXBuildFile section */

/* Begin PBXFileReference section */
		962B5FFD21354199007CB8C4 /* libServerUtilities.a */ = {isa = PBXFileReference; explicitFileType = archive.ar; includeInIndex = 0; path = libServerUtilities.a; sourceTree = BUILT_PRODUCTS_DIR; };
		966A085C21354E4500EDAE08 /* base.cpp */ = {isa = PBXFileReference; fileEncoding = 4; lastKnownFileType = sourcecode.cpp.cpp; name = base.cpp; path = ../src/Utilities/base.cpp; sourceTree = "<group>"; };
		966A085D21354E4500EDAE08 /* EventManager.cpp */ = {isa = PBXFileReference; fileEncoding = 4; lastKnownFileType = sourcecode.cpp.cpp; name = EventManager.cpp; path = ../src/Utilities/EventManager.cpp; sourceTree = "<group>"; };
		966A085E21354E4500EDAE08 /* MessageQueue.cpp */ = {isa = PBXFileReference; fileEncoding = 4; lastKnownFileType = sourcecode.cpp.cpp; name = MessageQueue.cpp; path = ../src/Utilities/MessageQueue.cpp; sourceTree = "<group>"; };
		966A085F21354E4500EDAE08 /* MessageQueueManager.cpp */ = {isa = PBXFileReference; fileEncoding = 4; lastKnownFileType = sourcecode.cpp.cpp; name = MessageQueueManager.cpp; path = ../src/Utilities/MessageQueueManager.cpp; sourceTree = "<group>"; };
		966A086021354E4500EDAE08 /* SocketClientApplication.cpp */ = {isa = PBXFileReference; fileEncoding = 4; lastKnownFileType = sourcecode.cpp.cpp; name = SocketClientApplication.cpp; path = ../src/Utilities/SocketClientApplication.cpp; sourceTree = "<group>"; };
		966A086121354E4500EDAE08 /* Logger.cpp */ = {isa = PBXFileReference; fileEncoding = 4; lastKnownFileType = sourcecode.cpp.cpp; name = Logger.cpp; path = ../src/Utilities/Logger.cpp; sourceTree = "<group>"; };
		966A086221354E4500EDAE08 /* SocketApplication.cpp */ = {isa = PBXFileReference; fileEncoding = 4; lastKnownFileType = sourcecode.cpp.cpp; name = SocketApplication.cpp; path = ../src/Utilities/SocketApplication.cpp; sourceTree = "<group>"; };
/* End PBXFileReference section */

/* Begin PBXFrameworksBuildPhase section */
		962B5FFA21354199007CB8C4 /* Frameworks */ = {
			isa = PBXFrameworksBuildPhase;
			buildActionMask = 2147483647;
			files = (
			);
			runOnlyForDeploymentPostprocessing = 0;
		};
/* End PBXFrameworksBuildPhase section */

/* Begin PBXGroup section */
		962B5FF421354199007CB8C4 = {
			isa = PBXGroup;
			children = (
				966A085421354DD100EDAE08 /* src */,
				962B5FFE21354199007CB8C4 /* Products */,
			);
			sourceTree = "<group>";
		};
		962B5FFE21354199007CB8C4 /* Products */ = {
			isa = PBXGroup;
			children = (
				962B5FFD21354199007CB8C4 /* libServerUtilities.a */,
			);
			name = Products;
			sourceTree = "<group>";
		};
		966A085421354DD100EDAE08 /* src */ = {
			isa = PBXGroup;
			children = (
				966A085C21354E4500EDAE08 /* base.cpp */,
				966A085D21354E4500EDAE08 /* EventManager.cpp */,
				966A086121354E4500EDAE08 /* Logger.cpp */,
				966A085E21354E4500EDAE08 /* MessageQueue.cpp */,
				966A085F21354E4500EDAE08 /* MessageQueueManager.cpp */,
				966A086221354E4500EDAE08 /* SocketApplication.cpp */,
				966A086021354E4500EDAE08 /* SocketClientApplication.cpp */,
			);
			name = src;
			sourceTree = "<group>";
		};
/* End PBXGroup section */

/* Begin PBXHeadersBuildPhase section */
		962B5FFB21354199007CB8C4 /* Headers */ = {
			isa = PBXHeadersBuildPhase;
			buildActionMask = 2147483647;
			files = (
			);
			runOnlyForDeploymentPostprocessing = 0;
		};
/* End PBXHeadersBuildPhase section */

/* Begin PBXNativeTarget section */
		962B5FFC21354199007CB8C4 /* ServerUtilities */ = {
			isa = PBXNativeTarget;
			buildConfigurationList = 962B600821354199007CB8C4 /* Build configuration list for PBXNativeTarget "ServerUtilities" */;
			buildPhases = (
				962B5FF921354199007CB8C4 /* Sources */,
				962B5FFA21354199007CB8C4 /* Frameworks */,
				962B5FFB21354199007CB8C4 /* Headers */,
			);
			buildRules = (
			);
			dependencies = (
			);
			name = ServerUtilities;
			productName = ServerUtilities;
			productReference = 962B5FFD21354199007CB8C4 /* libServerUtilities.a */;
			productType = "com.apple.product-type.library.static";
		};
/* End PBXNativeTarget section */

/* Begin PBXProject section */
		962B5FF521354199007CB8C4 /* Project object */ = {
			isa = PBXProject;
			attributes = {
				LastUpgradeCheck = 0940;
				ORGANIZATIONNAME = ArmyAnt;
				TargetAttributes = {
					962B5FFC21354199007CB8C4 = {
						CreatedOnToolsVersion = 9.4.1;
					};
				};
			};
			buildConfigurationList = 962B5FF821354199007CB8C4 /* Build configuration list for PBXProject "ServerUtilities" */;
			compatibilityVersion = "Xcode 9.3";
			developmentRegion = en;
			hasScannedForEncodings = 0;
			knownRegions = (
				en,
			);
			mainGroup = 962B5FF421354199007CB8C4;
			productRefGroup = 962B5FFE21354199007CB8C4 /* Products */;
			projectDirPath = "";
			projectRoot = "";
			targets = (
				962B5FFC21354199007CB8C4 /* ServerUtilities */,
			);
		};
/* End PBXProject section */

/* Begin PBXSourcesBuildPhase section */
		962B5FF921354199007CB8C4 /* Sources */ = {
			isa = PBXSourcesBuildPhase;
			buildActionMask = 2147483647;
			files = (
				966A086421354E4500EDAE08 /* EventManager.cpp in Sources */,
				966A086921354E4500EDAE08 /* SocketApplication.cpp in Sources */,
				966A086821354E4500EDAE08 /* Logger.cpp in Sources */,
				966A086621354E4500EDAE08 /* MessageQueueManager.cpp in Sources */,
				966A086521354E4500EDAE08 /* MessageQueue.cpp in Sources */,
				966A086721354E4500EDAE08 /* SocketClientApplication.cpp in Sources */,
				966A086321354E4500EDAE08 /* base.cpp in Sources */,
			);
			runOnlyForDeploymentPostprocessing = 0;
		};
/* End PBXSourcesBuildPhase section */

/* Begin XCBuildConfiguration section */
		962B600621354199007CB8C4 /* Debug */ = {
			isa = XCBuildConfiguration;
			buildSettings = {
				ALWAYS_SEARCH_USER_PATHS = NO;
				CLANG_ANALYZER_NONNULL = YES;
				CLANG_ANALYZER_NUMBER_OBJECT_CONVERSION = YES_AGGRESSIVE;
				CLANG_CXX_LANGUAGE_STANDARD = "gnu++14";
				CLANG_CXX_LIBRARY = "libc++";
				CLANG_ENABLE_MODULES = YES;
				CLANG_ENABLE_OBJC_ARC = YES;
				CLANG_ENABLE_OBJC_WEAK = YES;
				CLANG_WARN_BLOCK_CAPTURE_AUTORELEASING = YES;
				CLANG_WARN_BOOL_CONVERSION = YES;
				CLANG_WARN_COMMA = YES;
				CLANG_WARN_CONSTANT_CONVERSION = YES;
				CLANG_WARN_DEPRECATED_OBJC_IMPLEMENTATIONS = YES;
				CLANG_WARN_DIRECT_OBJC_ISA_USAGE = YES_ERROR;
				CLANG_WARN_DOCUMENTATION_COMMENTS = YES;
				CLANG_WARN_EMPTY_BODY = YES;
				CLANG_WARN_ENUM_CONVERSION = YES;
				CLANG_WARN_INFINITE_RECURSION = YES;
				CLANG_WARN_INT_CONVERSION = YES;
				CLANG_WARN_NON_LITERAL_NULL_CONVERSION = YES;
				CLANG_WARN_OBJC_IMPLICIT_RETAIN_SELF = YES;
				CLANG_WARN_OBJC_LITERAL_CONVERSION = YES;
				CLANG_WARN_OBJC_ROOT_CLASS = YES_ERROR;
				CLANG_WARN_RANGE_LOOP_ANALYSIS = YES;
				CLANG_WARN_STRICT_PROTOTYPES = YES;
				CLANG_WARN_SUSPICIOUS_MOVE = YES;
				CLANG_WARN_UNGUARDED_AVAILABILITY = YES_AGGRESSIVE;
				CLANG_WARN_UNREACHABLE_CODE = YES;
				CLANG_WARN__DUPLICATE_METHOD_MATCH = YES;
				CODE_SIGN_IDENTITY = "-";
				COPY_PHASE_STRIP = NO;
				DEBUG_INFORMATION_FORMAT = dwarf;
				ENABLE_STRICT_OBJC_MSGSEND = YES;
				ENABLE_TESTABILITY = YES;
				GCC_C_LANGUAGE_STANDARD = gnu11;
				GCC_DYNAMIC_NO_PIC = NO;
				GCC_NO_COMMON_BLOCKS = YES;
				GCC_OPTIMIZATION_LEVEL = 0;
				GCC_PREPROCESSOR_DEFINITIONS = (
					"DEBUG=1",
					"$(inherited)",
				);
				GCC_WARN_64_TO_32_BIT_CONVERSION = YES;
				GCC_WARN_ABOUT_RETURN_TYPE = YES_ERROR;
				GCC_WARN_UNDECLARED_SELECTOR = YES;
				GCC_WARN_UNINITIALIZED_AUTOS = YES_AGGRESSIVE;
				GCC_WARN_UNUSED_FUNCTION = YES;
				GCC_WARN_UNUSED_VARIABLE = YES;
				MACOSX_DEPLOYMENT_TARGET = 10.13;
				MTL_ENABLE_DEBUG_INFO = YES;
				ONLY_ACTIVE_ARCH = YES;
				SDKROOT = macosx;
			};
			name = Debug;
		};
		962B600721354199007CB8C4 /* Release */ = {
			isa = XCBuildConfiguration;
			buildSettings = {
				ALWAYS_SEARCH_USER_PATHS = NO;
				CLANG_ANALYZER_NONNULL = YES;
				CLANG_ANALYZER_NUMBER_OBJECT_CONVERSION = YES_AGGRESSIVE;
				CLANG_CXX_LANGUAGE_STANDARD = "gnu++14";
				CLANG_CXX_LIBRARY = "libc++";
				CLANG_ENABLE_MODULES = YES;
				CLANG_ENABLE_OBJC_ARC = YES;
				CLANG_ENABLE_OBJC_WEAK = YES;
				CLANG_WARN_BLOCK_CAPTURE_AUTORELEASING = YES;
				CLANG_WARN_BOOL_CONVERSION = YES;
				CLANG_WARN_COMMA = YES;
				CLANG_WARN_CONSTANT_CONVERSION = YES;
				CLANG_WARN_DEPRECATED_OBJC_IMPLEMENTATIONS = YES;
				CLANG_WARN_DIRECT_OBJC_ISA_USAGE = YES_ERROR;
				CLANG_WARN_DOCUMENTATION_COMMENTS = YES;
				CLANG_WARN_EMPTY_BODY = YES;
				CLANG_WARN_ENUM_CONVERSION = YES;
				CLANG_WARN_INFINITE_RECURSION = YES;
				CLANG_WARN_INT_CONVERSION = YES;
				CLANG_WARN_NON_LITERAL_NULL_CONVERSION = YES;
				CLANG_WARN_OBJC_IMPLICIT_RETAIN_SELF = YES;
				CLANG_WARN_OBJC_LITERAL_CONVERSION = YES;
				CLANG_WARN_OBJC_ROOT_CLASS = YES_ERROR;
				CLANG_WARN_RANGE_LOOP_ANALYSIS = YES;
				CLANG_WARN_STRICT_PROTOTYPES = YES;
				CLANG_WARN_SUSPICIOUS_MOVE = YES;
				CLANG_WARN_UNGUARDED_AVAILABILITY = YES_AGGRESSIVE;
				CLANG_WARN_UNREACHABLE_CODE = YES;
				CLANG_WARN__DUPLICATE_METHOD_MATCH = YES;
				CODE_SIGN_IDENTITY = "-";
				COPY_PHASE_STRIP = NO;
				DEBUG_INFORMATION_FORMAT = "dwarf-with-dsym";
				ENABLE_NS_ASSERTIONS = NO;
				ENABLE_STRICT_OBJC_MSGSEND = YES;
				GCC_C_LANGUAGE_STANDARD = gnu11;
				GCC_NO_COMMON_BLOCKS = YES;
				GCC_WARN_64_TO_32_BIT_CONVERSION = YES;
				GCC_WARN_ABOUT_RETURN_TYPE = YES_ERROR;
				GCC_WARN_UNDECLARED_SELECTOR = YES;
				GCC_WARN_UNINITIALIZED_AUTOS = YES_AGGRESSIVE;
				GCC_WARN_UNUSED_FUNCTION = YES;
				GCC_WARN_UNUSED_VARIABLE = YES;
				MACOSX_DEPLOYMENT_TARGET = 10.13;
				MTL_ENABLE_DEBUG_INFO = NO;
				SDKROOT = macosx;
			};
			name = Release;
		};
		962B600921354199007CB8C4 /* Debug */ = {
			isa = XCBuildConfiguration;
			buildSettings = {
				CODE_SIGN_STYLE = Automatic;
				EXECUTABLE_PREFIX = lib;
				GCC_ENABLE_CPP_EXCEPTIONS = YES;
				GCC_ENABLE_CPP_RTTI = YES;
				PRODUCT_NAME = "$(TARGET_NAME)";
				SKIP_INSTALL = YES;
			};
			name = Debug;
		};
		962B600A21354199007CB8C4 /* Release */ = {
			isa = XCBuildConfiguration;
			buildSettings = {
				CODE_SIGN_STYLE = Automatic;
				EXECUTABLE_PREFIX = lib;
				GCC_ENABLE_CPP_EXCEPTIONS = YES;
				GCC_ENABLE_CPP_RTTI = YES;
				PRODUCT_NAME = "$(TARGET_NAME)";
				SKIP_INSTALL = YES;
			};
			name = Release;
		};
/* End XCBuildConfiguration section */

/* Begin XCConfigurationList section */
		962B5FF821354199007CB8C4 /* Build configuration list for PBXProject "ServerUtilities" */ = {
			isa = XCConfigurationList;
			buildConfigurations = (
				962B600621354199007CB8C4 /* Debug */,
				962B600721354199007CB8C4 /* Release */,
			);
			defaultConfigurationIsVisible = 0;
			defaultConfigurationName = Release;
		};
		962B600821354199007CB8C4 /* Build configuration list for PBXNativeTarget "ServerUtilities" */ = {
			isa = XCConfigurationList;
			buildConfigurations = (
				962B600921354199007CB8C4 /* Debug */,
				962B600A21354199007CB8C4 /* Release */,
			);
			defaultConfigurationIsVisible = 0;
			defaultConfigurationName = Release;
		};
/* End XCConfigurationList section */
	};
	rootObject = 962B5FF521354199007CB8C4 /* Project object */;
}
