// !$*UTF8*$!
{
	archiveVersion = 1;
	classes = {
	};
	objectVersion = 50;
	objects = {

/* Begin PBXBuildFile section */
		9697467621953CAD006EDC3A /* HuolongTableManager.cpp in Sources */ = {isa = PBXBuildFile; fileRef = 9697467121953CAD006EDC3A /* HuolongTableManager.cpp */; };
		9697467721953CAD006EDC3A /* HuolongServer.cpp in Sources */ = {isa = PBXBuildFile; fileRef = 9697467221953CAD006EDC3A /* HuolongServer.cpp */; };
		9697467821953CAD006EDC3A /* HuolongUser.cpp in Sources */ = {isa = PBXBuildFile; fileRef = 9697467321953CAD006EDC3A /* HuolongUser.cpp */; };
		9697467921953CAD006EDC3A /* HuolongUserDataManager.cpp in Sources */ = {isa = PBXBuildFile; fileRef = 9697467421953CAD006EDC3A /* HuolongUserDataManager.cpp */; };
		9697467A21953CAD006EDC3A /* HuolongTable.cpp in Sources */ = {isa = PBXBuildFile; fileRef = 9697467521953CAD006EDC3A /* HuolongTable.cpp */; };
/* End PBXBuildFile section */

/* Begin PBXFileReference section */
		9697466321953C6B006EDC3A /* libHuolongServer.a */ = {isa = PBXFileReference; explicitFileType = archive.ar; includeInIndex = 0; path = libHuolongServer.a; sourceTree = BUILT_PRODUCTS_DIR; };
		9697467121953CAD006EDC3A /* HuolongTableManager.cpp */ = {isa = PBXFileReference; fileEncoding = 4; lastKnownFileType = sourcecode.cpp.cpp; name = HuolongTableManager.cpp; path = ../src/SubApplications/HuolongServer/HuolongTableManager.cpp; sourceTree = "<group>"; };
		9697467221953CAD006EDC3A /* HuolongServer.cpp */ = {isa = PBXFileReference; fileEncoding = 4; lastKnownFileType = sourcecode.cpp.cpp; name = HuolongServer.cpp; path = ../src/SubApplications/HuolongServer/HuolongServer.cpp; sourceTree = "<group>"; };
		9697467321953CAD006EDC3A /* HuolongUser.cpp */ = {isa = PBXFileReference; fileEncoding = 4; lastKnownFileType = sourcecode.cpp.cpp; name = HuolongUser.cpp; path = ../src/SubApplications/HuolongServer/HuolongUser.cpp; sourceTree = "<group>"; };
		9697467421953CAD006EDC3A /* HuolongUserDataManager.cpp */ = {isa = PBXFileReference; fileEncoding = 4; lastKnownFileType = sourcecode.cpp.cpp; name = HuolongUserDataManager.cpp; path = ../src/SubApplications/HuolongServer/HuolongUserDataManager.cpp; sourceTree = "<group>"; };
		9697467521953CAD006EDC3A /* HuolongTable.cpp */ = {isa = PBXFileReference; fileEncoding = 4; lastKnownFileType = sourcecode.cpp.cpp; name = HuolongTable.cpp; path = ../src/SubApplications/HuolongServer/HuolongTable.cpp; sourceTree = "<group>"; };
/* End PBXFileReference section */

/* Begin PBXFrameworksBuildPhase section */
		9697466121953C6B006EDC3A /* Frameworks */ = {
			isa = PBXFrameworksBuildPhase;
			buildActionMask = 2147483647;
			files = (
			);
			runOnlyForDeploymentPostprocessing = 0;
		};
/* End PBXFrameworksBuildPhase section */

/* Begin PBXGroup section */
		9697465A21953C6B006EDC3A = {
			isa = PBXGroup;
			children = (
				9697467221953CAD006EDC3A /* HuolongServer.cpp */,
				9697467521953CAD006EDC3A /* HuolongTable.cpp */,
				9697467121953CAD006EDC3A /* HuolongTableManager.cpp */,
				9697467321953CAD006EDC3A /* HuolongUser.cpp */,
				9697467421953CAD006EDC3A /* HuolongUserDataManager.cpp */,
				9697466421953C6B006EDC3A /* Products */,
			);
			sourceTree = "<group>";
		};
		9697466421953C6B006EDC3A /* Products */ = {
			isa = PBXGroup;
			children = (
				9697466321953C6B006EDC3A /* libHuolongServer.a */,
			);
			name = Products;
			sourceTree = "<group>";
		};
/* End PBXGroup section */

/* Begin PBXHeadersBuildPhase section */
		9697465F21953C6B006EDC3A /* Headers */ = {
			isa = PBXHeadersBuildPhase;
			buildActionMask = 2147483647;
			files = (
			);
			runOnlyForDeploymentPostprocessing = 0;
		};
/* End PBXHeadersBuildPhase section */

/* Begin PBXNativeTarget section */
		9697466221953C6B006EDC3A /* HuolongServer */ = {
			isa = PBXNativeTarget;
			buildConfigurationList = 9697466E21953C6C006EDC3A /* Build configuration list for PBXNativeTarget "HuolongServer" */;
			buildPhases = (
				9697465F21953C6B006EDC3A /* Headers */,
				9697466021953C6B006EDC3A /* Sources */,
				9697466121953C6B006EDC3A /* Frameworks */,
			);
			buildRules = (
			);
			dependencies = (
			);
			name = HuolongServer;
			productName = HuolongServer;
			productReference = 9697466321953C6B006EDC3A /* libHuolongServer.a */;
			productType = "com.apple.product-type.library.static";
		};
/* End PBXNativeTarget section */

/* Begin PBXProject section */
		9697465B21953C6B006EDC3A /* Project object */ = {
			isa = PBXProject;
			attributes = {
				LastUpgradeCheck = 1010;
				ORGANIZATIONNAME = ArmyAnt;
				TargetAttributes = {
					9697466221953C6B006EDC3A = {
						CreatedOnToolsVersion = 10.1;
					};
				};
			};
			buildConfigurationList = 9697465E21953C6B006EDC3A /* Build configuration list for PBXProject "HuolongServer" */;
			compatibilityVersion = "Xcode 9.3";
			developmentRegion = en;
			hasScannedForEncodings = 0;
			knownRegions = (
				en,
			);
			mainGroup = 9697465A21953C6B006EDC3A;
			productRefGroup = 9697466421953C6B006EDC3A /* Products */;
			projectDirPath = "";
			projectRoot = "";
			targets = (
				9697466221953C6B006EDC3A /* HuolongServer */,
			);
		};
/* End PBXProject section */

/* Begin PBXSourcesBuildPhase section */
		9697466021953C6B006EDC3A /* Sources */ = {
			isa = PBXSourcesBuildPhase;
			buildActionMask = 2147483647;
			files = (
				9697467621953CAD006EDC3A /* HuolongTableManager.cpp in Sources */,
				9697467721953CAD006EDC3A /* HuolongServer.cpp in Sources */,
				9697467821953CAD006EDC3A /* HuolongUser.cpp in Sources */,
				9697467921953CAD006EDC3A /* HuolongUserDataManager.cpp in Sources */,
				9697467A21953CAD006EDC3A /* HuolongTable.cpp in Sources */,
			);
			runOnlyForDeploymentPostprocessing = 0;
		};
/* End PBXSourcesBuildPhase section */

/* Begin XCBuildConfiguration section */
		9697466C21953C6C006EDC3A /* Debug */ = {
			isa = XCBuildConfiguration;
			buildSettings = {
				ALWAYS_SEARCH_USER_PATHS = NO;
				CLANG_ANALYZER_NONNULL = YES;
				CLANG_ANALYZER_NUMBER_OBJECT_CONVERSION = YES_AGGRESSIVE;
				CLANG_CXX_LANGUAGE_STANDARD = "gnu++14";
				CLANG_CXX_LIBRARY = "libc++";
				CLANG_ENABLE_MODULES = YES;
				CLANG_ENABLE_OBJC_ARC = YES;
				CLANG_ENABLE_OBJC_WEAK = YES;
				CLANG_WARN_BLOCK_CAPTURE_AUTORELEASING = YES;
				CLANG_WARN_BOOL_CONVERSION = YES;
				CLANG_WARN_COMMA = YES;
				CLANG_WARN_CONSTANT_CONVERSION = YES;
				CLANG_WARN_DEPRECATED_OBJC_IMPLEMENTATIONS = YES;
				CLANG_WARN_DIRECT_OBJC_ISA_USAGE = YES_ERROR;
				CLANG_WARN_DOCUMENTATION_COMMENTS = YES;
				CLANG_WARN_EMPTY_BODY = YES;
				CLANG_WARN_ENUM_CONVERSION = YES;
				CLANG_WARN_INFINITE_RECURSION = YES;
				CLANG_WARN_INT_CONVERSION = YES;
				CLANG_WARN_NON_LITERAL_NULL_CONVERSION = YES;
				CLANG_WARN_OBJC_IMPLICIT_RETAIN_SELF = YES;
				CLANG_WARN_OBJC_LITERAL_CONVERSION = YES;
				CLANG_WARN_OBJC_ROOT_CLASS = YES_ERROR;
				CLANG_WARN_RANGE_LOOP_ANALYSIS = YES;
				CLANG_WARN_STRICT_PROTOTYPES = YES;
				CLANG_WARN_SUSPICIOUS_MOVE = YES;
				CLANG_WARN_UNGUARDED_AVAILABILITY = YES_AGGRESSIVE;
				CLANG_WARN_UNREACHABLE_CODE = YES;
				CLANG_WARN__DUPLICATE_METHOD_MATCH = YES;
				CODE_SIGN_IDENTITY = "-";
				COPY_PHASE_STRIP = NO;
				DEBUG_INFORMATION_FORMAT = dwarf;
				ENABLE_STRICT_OBJC_MSGSEND = YES;
				ENABLE_TESTABILITY = YES;
				GCC_C_LANGUAGE_STANDARD = gnu11;
				GCC_DYNAMIC_NO_PIC = NO;
				GCC_NO_COMMON_BLOCKS = YES;
				GCC_OPTIMIZATION_LEVEL = 0;
				GCC_PREPROCESSOR_DEFINITIONS = (
					"DEBUG=1",
					"$(inherited)",
				);
				GCC_WARN_64_TO_32_BIT_CONVERSION = YES;
				GCC_WARN_ABOUT_RETURN_TYPE = YES_ERROR;
				GCC_WARN_UNDECLARED_SELECTOR = YES;
				GCC_WARN_UNINITIALIZED_AUTOS = YES_AGGRESSIVE;
				GCC_WARN_UNUSED_FUNCTION = YES;
				GCC_WARN_UNUSED_VARIABLE = YES;
				MACOSX_DEPLOYMENT_TARGET = 10.13;
				MTL_ENABLE_DEBUG_INFO = INCLUDE_SOURCE;
				MTL_FAST_MATH = YES;
				ONLY_ACTIVE_ARCH = YES;
				SDKROOT = macosx;
			};
			name = Debug;
		};
		9697466D21953C6C006EDC3A /* Release */ = {
			isa = XCBuildConfiguration;
			buildSettings = {
				ALWAYS_SEARCH_USER_PATHS = NO;
				CLANG_ANALYZER_NONNULL = YES;
				CLANG_ANALYZER_NUMBER_OBJECT_CONVERSION = YES_AGGRESSIVE;
				CLANG_CXX_LANGUAGE_STANDARD = "gnu++14";
				CLANG_CXX_LIBRARY = "libc++";
				CLANG_ENABLE_MODULES = YES;
				CLANG_ENABLE_OBJC_ARC = YES;
				CLANG_ENABLE_OBJC_WEAK = YES;
				CLANG_WARN_BLOCK_CAPTURE_AUTORELEASING = YES;
				CLANG_WARN_BOOL_CONVERSION = YES;
				CLANG_WARN_COMMA = YES;
				CLANG_WARN_CONSTANT_CONVERSION = YES;
				CLANG_WARN_DEPRECATED_OBJC_IMPLEMENTATIONS = YES;
				CLANG_WARN_DIRECT_OBJC_ISA_USAGE = YES_ERROR;
				CLANG_WARN_DOCUMENTATION_COMMENTS = YES;
				CLANG_WARN_EMPTY_BODY = YES;
				CLANG_WARN_ENUM_CONVERSION = YES;
				CLANG_WARN_INFINITE_RECURSION = YES;
				CLANG_WARN_INT_CONVERSION = YES;
				CLANG_WARN_NON_LITERAL_NULL_CONVERSION = YES;
				CLANG_WARN_OBJC_IMPLICIT_RETAIN_SELF = YES;
				CLANG_WARN_OBJC_LITERAL_CONVERSION = YES;
				CLANG_WARN_OBJC_ROOT_CLASS = YES_ERROR;
				CLANG_WARN_RANGE_LOOP_ANALYSIS = YES;
				CLANG_WARN_STRICT_PROTOTYPES = YES;
				CLANG_WARN_SUSPICIOUS_MOVE = YES;
				CLANG_WARN_UNGUARDED_AVAILABILITY = YES_AGGRESSIVE;
				CLANG_WARN_UNREACHABLE_CODE = YES;
				CLANG_WARN__DUPLICATE_METHOD_MATCH = YES;
				CODE_SIGN_IDENTITY = "-";
				COPY_PHASE_STRIP = NO;
				DEBUG_INFORMATION_FORMAT = "dwarf-with-dsym";
				ENABLE_NS_ASSERTIONS = NO;
				ENABLE_STRICT_OBJC_MSGSEND = YES;
				GCC_C_LANGUAGE_STANDARD = gnu11;
				GCC_NO_COMMON_BLOCKS = YES;
				GCC_WARN_64_TO_32_BIT_CONVERSION = YES;
				GCC_WARN_ABOUT_RETURN_TYPE = YES_ERROR;
				GCC_WARN_UNDECLARED_SELECTOR = YES;
				GCC_WARN_UNINITIALIZED_AUTOS = YES_AGGRESSIVE;
				GCC_WARN_UNUSED_FUNCTION = YES;
				GCC_WARN_UNUSED_VARIABLE = YES;
				MACOSX_DEPLOYMENT_TARGET = 10.13;
				MTL_ENABLE_DEBUG_INFO = NO;
				MTL_FAST_MATH = YES;
				SDKROOT = macosx;
			};
			name = Release;
		};
		9697466F21953C6C006EDC3A /* Debug */ = {
			isa = XCBuildConfiguration;
			buildSettings = {
				CODE_SIGN_STYLE = Automatic;
				EXECUTABLE_PREFIX = lib;
				GCC_ENABLE_CPP_EXCEPTIONS = YES;
				GCC_ENABLE_CPP_RTTI = YES;
				PRODUCT_NAME = "$(TARGET_NAME)";
				SKIP_INSTALL = YES;
			};
			name = Debug;
		};
		9697467021953C6C006EDC3A /* Release */ = {
			isa = XCBuildConfiguration;
			buildSettings = {
				CODE_SIGN_STYLE = Automatic;
				EXECUTABLE_PREFIX = lib;
				GCC_ENABLE_CPP_EXCEPTIONS = YES;
				GCC_ENABLE_CPP_RTTI = YES;
				PRODUCT_NAME = "$(TARGET_NAME)";
				SKIP_INSTALL = YES;
			};
			name = Release;
		};
/* End XCBuildConfiguration section */

/* Begin XCConfigurationList section */
		9697465E21953C6B006EDC3A /* Build configuration list for PBXProject "HuolongServer" */ = {
			isa = XCConfigurationList;
			buildConfigurations = (
				9697466C21953C6C006EDC3A /* Debug */,
				9697466D21953C6C006EDC3A /* Release */,
			);
			defaultConfigurationIsVisible = 0;
			defaultConfigurationName = Release;
		};
		9697466E21953C6C006EDC3A /* Build configuration list for PBXNativeTarget "HuolongServer" */ = {
			isa = XCConfigurationList;
			buildConfigurations = (
				9697466F21953C6C006EDC3A /* Debug */,
				9697467021953C6C006EDC3A /* Release */,
			);
			defaultConfigurationIsVisible = 0;
			defaultConfigurationName = Release;
		};
/* End XCConfigurationList section */
	};
	rootObject = 9697465B21953C6B006EDC3A /* Project object */;
}
