
Microsoft Visual Studio Solution File, Format Version 12.00
# Visual Studio 15
VisualStudioVersion = 15.0.27428.2043
MinimumVisualStudioVersion = 10.0.40219.1
Project("{8BC9CEB8-8B4A-11D0-8D11-00A0C91BC942}") = "ArmyAntServer", "ArmyAntServer.vcxproj", "{CEE485B9-9957-4B7F-A60C-C43D85AD4400}"
	ProjectSection(ProjectDependencies) = postProject
		{8D1A0FB3-C01B-4C63-98A4-DC24643E5871} = {8D1A0FB3-C01B-4C63-98A4-DC24643E5871}
	EndProjectSection
EndProject
Project("{8BC9CEB8-8B4A-11D0-8D11-00A0C91BC942}") = "ServerCore", "ServerCore.vcxproj", "{8D1A0FB3-C01B-4C63-98A4-DC24643E5871}"
EndProject
Project("{8BC9CEB8-8B4A-11D0-8D11-00A0C91BC942}") = "ServerUtilities", "ServerUtilities.vcxproj", "{4FC51BFA-39AF-4A3E-BFFD-C9562CD66F89}"
EndProject
Project("{2150E333-8FDC-42A3-9474-1A3956D46DE8}") = "Libraries", "Libraries", "{8D673A04-02FD-4EA3-80C7-9F051C630432}"
EndProject
Project("{2150E333-8FDC-42A3-9474-1A3956D46DE8}") = "PlatformExecute", "PlatformExecute", "{5706C58D-CA29-45EF-A62C-9C1FB55A7AFD}"
EndProject
Project("{8BC9CEB8-8B4A-11D0-8D11-00A0C91BC942}") = "DatabaseProxyCore", "DatabaseProxyCore.vcxproj", "{81D40F02-A693-440B-9755-FFA230120407}"
EndProject
Project("{8BC9CEB8-8B4A-11D0-8D11-00A0C91BC942}") = "ArmyAntDBProxy", "ArmyAntDBProxy.vcxproj", "{3D7DE1EC-EAAD-4416-8390-6FB0023754A4}"
EndProject
Project("{2150E333-8FDC-42A3-9474-1A3956D46DE8}") = "SubApplicationLibs", "SubApplicationLibs", "{87CEFEBD-0D14-4A53-897E-3E76BBA85465}"
EndProject
Project("{8BC9CEB8-8B4A-11D0-8D11-00A0C91BC942}") = "SimpleEchoApp", "SimpleEchoApp.vcxproj", "{2BC19AF5-031E-419D-BBD4-F49145F633B4}"
EndProject
Global
	GlobalSection(SolutionConfigurationPlatforms) = preSolution
		Debug|x64 = Debug|x64
		Debug|x86 = Debug|x86
		Release|x64 = Release|x64
		Release|x86 = Release|x86
	EndGlobalSection
	GlobalSection(ProjectConfigurationPlatforms) = postSolution
		{CEE485B9-9957-4B7F-A60C-C43D85AD4400}.Debug|x64.ActiveCfg = Debug|x64
		{CEE485B9-9957-4B7F-A60C-C43D85AD4400}.Debug|x64.Build.0 = Debug|x64
		{CEE485B9-9957-4B7F-A60C-C43D85AD4400}.Debug|x86.ActiveCfg = Debug|Win32
		{CEE485B9-9957-4B7F-A60C-C43D85AD4400}.Debug|x86.Build.0 = Debug|Win32
		{CEE485B9-9957-4B7F-A60C-C43D85AD4400}.Release|x64.ActiveCfg = Release|x64
		{CEE485B9-9957-4B7F-A60C-C43D85AD4400}.Release|x64.Build.0 = Release|x64
		{CEE485B9-9957-4B7F-A60C-C43D85AD4400}.Release|x86.ActiveCfg = Release|Win32
		{CEE485B9-9957-4B7F-A60C-C43D85AD4400}.Release|x86.Build.0 = Release|Win32
		{8D1A0FB3-C01B-4C63-98A4-DC24643E5871}.Debug|x64.ActiveCfg = Debug|x64
		{8D1A0FB3-C01B-4C63-98A4-DC24643E5871}.Debug|x64.Build.0 = Debug|x64
		{8D1A0FB3-C01B-4C63-98A4-DC24643E5871}.Debug|x86.ActiveCfg = Debug|Win32
		{8D1A0FB3-C01B-4C63-98A4-DC24643E5871}.Debug|x86.Build.0 = Debug|Win32
		{8D1A0FB3-C01B-4C63-98A4-DC24643E5871}.Release|x64.ActiveCfg = Release|x64
		{8D1A0FB3-C01B-4C63-98A4-DC24643E5871}.Release|x64.Build.0 = Release|x64
		{8D1A0FB3-C01B-4C63-98A4-DC24643E5871}.Release|x86.ActiveCfg = Release|Win32
		{8D1A0FB3-C01B-4C63-98A4-DC24643E5871}.Release|x86.Build.0 = Release|Win32
		{4FC51BFA-39AF-4A3E-BFFD-C9562CD66F89}.Debug|x64.ActiveCfg = Debug|x64
		{4FC51BFA-39AF-4A3E-BFFD-C9562CD66F89}.Debug|x64.Build.0 = Debug|x64
		{4FC51BFA-39AF-4A3E-BFFD-C9562CD66F89}.Debug|x86.ActiveCfg = Debug|Win32
		{4FC51BFA-39AF-4A3E-BFFD-C9562CD66F89}.Debug|x86.Build.0 = Debug|Win32
		{4FC51BFA-39AF-4A3E-BFFD-C9562CD66F89}.Release|x64.ActiveCfg = Release|x64
		{4FC51BFA-39AF-4A3E-BFFD-C9562CD66F89}.Release|x64.Build.0 = Release|x64
		{4FC51BFA-39AF-4A3E-BFFD-C9562CD66F89}.Release|x86.ActiveCfg = Release|Win32
		{4FC51BFA-39AF-4A3E-BFFD-C9562CD66F89}.Release|x86.Build.0 = Release|Win32
		{81D40F02-A693-440B-9755-FFA230120407}.Debug|x64.ActiveCfg = Debug|x64
		{81D40F02-A693-440B-9755-FFA230120407}.Debug|x64.Build.0 = Debug|x64
		{81D40F02-A693-440B-9755-FFA230120407}.Debug|x86.ActiveCfg = Debug|Win32
		{81D40F02-A693-440B-9755-FFA230120407}.Debug|x86.Build.0 = Debug|Win32
		{81D40F02-A693-440B-9755-FFA230120407}.Release|x64.ActiveCfg = Release|x64
		{81D40F02-A693-440B-9755-FFA230120407}.Release|x64.Build.0 = Release|x64
		{81D40F02-A693-440B-9755-FFA230120407}.Release|x86.ActiveCfg = Release|Win32
		{81D40F02-A693-440B-9755-FFA230120407}.Release|x86.Build.0 = Release|Win32
		{3D7DE1EC-EAAD-4416-8390-6FB0023754A4}.Debug|x64.ActiveCfg = Debug|x64
		{3D7DE1EC-EAAD-4416-8390-6FB0023754A4}.Debug|x64.Build.0 = Debug|x64
		{3D7DE1EC-EAAD-4416-8390-6FB0023754A4}.Debug|x86.ActiveCfg = Debug|Win32
		{3D7DE1EC-EAAD-4416-8390-6FB0023754A4}.Debug|x86.Build.0 = Debug|Win32
		{3D7DE1EC-EAAD-4416-8390-6FB0023754A4}.Release|x64.ActiveCfg = Release|x64
		{3D7DE1EC-EAAD-4416-8390-6FB0023754A4}.Release|x64.Build.0 = Release|x64
		{3D7DE1EC-EAAD-4416-8390-6FB0023754A4}.Release|x86.ActiveCfg = Release|Win32
		{3D7DE1EC-EAAD-4416-8390-6FB0023754A4}.Release|x86.Build.0 = Release|Win32
		{2BC19AF5-031E-419D-BBD4-F49145F633B4}.Debug|x64.ActiveCfg = Debug|x64
		{2BC19AF5-031E-419D-BBD4-F49145F633B4}.Debug|x64.Build.0 = Debug|x64
		{2BC19AF5-031E-419D-BBD4-F49145F633B4}.Debug|x86.ActiveCfg = Debug|Win32
		{2BC19AF5-031E-419D-BBD4-F49145F633B4}.Debug|x86.Build.0 = Debug|Win32
		{2BC19AF5-031E-419D-BBD4-F49145F633B4}.Release|x64.ActiveCfg = Release|x64
		{2BC19AF5-031E-419D-BBD4-F49145F633B4}.Release|x64.Build.0 = Release|x64
		{2BC19AF5-031E-419D-BBD4-F49145F633B4}.Release|x86.ActiveCfg = Release|Win32
		{2BC19AF5-031E-419D-BBD4-F49145F633B4}.Release|x86.Build.0 = Release|Win32
	EndGlobalSection
	GlobalSection(SolutionProperties) = preSolution
		HideSolutionNode = FALSE
	EndGlobalSection
	GlobalSection(NestedProjects) = preSolution
		{CEE485B9-9957-4B7F-A60C-C43D85AD4400} = {5706C58D-CA29-45EF-A62C-9C1FB55A7AFD}
		{8D1A0FB3-C01B-4C63-98A4-DC24643E5871} = {8D673A04-02FD-4EA3-80C7-9F051C630432}
		{4FC51BFA-39AF-4A3E-BFFD-C9562CD66F89} = {8D673A04-02FD-4EA3-80C7-9F051C630432}
		{81D40F02-A693-440B-9755-FFA230120407} = {8D673A04-02FD-4EA3-80C7-9F051C630432}
		{3D7DE1EC-EAAD-4416-8390-6FB0023754A4} = {5706C58D-CA29-45EF-A62C-9C1FB55A7AFD}
		{2BC19AF5-031E-419D-BBD4-F49145F633B4} = {87CEFEBD-0D14-4A53-897E-3E76BBA85465}
	EndGlobalSection
	GlobalSection(ExtensibilityGlobals) = postSolution
		SolutionGuid = {BBF07660-6CE6-4FED-9AE3-5270FDBB9CDB}
	EndGlobalSection
EndGlobal
