<?xml version="1.0" encoding="utf-8"?>
<Project ToolsVersion="4.0" xmlns="http://schemas.microsoft.com/developer/msbuild/2003">
  <ItemGroup>
    <Filter Include="protobuf">
      <UniqueIdentifier>{01b03fca-fdd1-4a20-83a0-d92ad45c92e1}</UniqueIdentifier>
    </Filter>
    <Filter Include="base">
      <UniqueIdentifier>{02c85b3d-418f-48d5-ab3f-e07906d0cf0a}</UniqueIdentifier>
    </Filter>
    <Filter Include="resources">
      <UniqueIdentifier>{cd9d63b9-7032-4d3f-b0cb-d3e4baf89e68}</UniqueIdentifier>
    </Filter>
    <Filter Include="resources\proto">
      <UniqueIdentifier>{78e0d90d-c8a3-4c3a-b327-38894d418dfe}</UniqueIdentifier>
    </Filter>
    <Filter Include="resources\sql">
      <UniqueIdentifier>{9aba62db-476e-4bd2-8b03-a5b7c37292c9}</UniqueIdentifier>
    </Filter>
    <Filter Include="resources\proto\ArmyAntMessage">
      <UniqueIdentifier>{d0ad90af-9347-4e0e-ba22-7659e057aa0a}</UniqueIdentifier>
    </Filter>
    <Filter Include="resources\proto\ArmyAntMessage\DBProxy">
      <UniqueIdentifier>{0678ceb9-dabc-4518-80c0-a2668c4df8c1}</UniqueIdentifier>
    </Filter>
    <Filter Include="resources\proto\ArmyAntMessage\System">
      <UniqueIdentifier>{16a32bf0-917d-4c3a-9f86-5a9245193f98}</UniqueIdentifier>
    </Filter>
    <Filter Include="resources\json">
      <UniqueIdentifier>{9625e46a-fadc-4ee8-b758-e7a8debb357f}</UniqueIdentifier>
    </Filter>
    <Filter Include="resources\proto\ArmyAntMessage\Common">
      <UniqueIdentifier>{982fdb7c-fa1b-4198-8ab0-c1f63a5f216d}</UniqueIdentifier>
    </Filter>
    <Filter Include="message-event operation">
      <UniqueIdentifier>{0283f97a-b8a9-413e-800a-61468b67666d}</UniqueIdentifier>
    </Filter>
    <Filter Include="message-event operation\UserSessionManager">
      <UniqueIdentifier>{8ef24cca-d54e-45aa-91b7-386692b4b2a4}</UniqueIdentifier>
    </Filter>
    <Filter Include="message-event operation\MessageQueue">
      <UniqueIdentifier>{b9224b33-57f1-4fa1-8519-4462d38a3c5c}</UniqueIdentifier>
    </Filter>
    <Filter Include="message-event operation\EventManager">
      <UniqueIdentifier>{e515f6be-a7f1-4599-ba77-93ed1d97f5a2}</UniqueIdentifier>
    </Filter>
    <Filter Include="resources\proto\ArmyAntMessage\SubApps">
      <UniqueIdentifier>{bfc9fbc6-5270-4b50-8547-bafadf04ff68}</UniqueIdentifier>
    </Filter>
    <Filter Include="socketApplication">
      <UniqueIdentifier>{151b0fcf-955d-437d-908f-3fc1d49a8ced}</UniqueIdentifier>
    </Filter>
  </ItemGroup>
  <ItemGroup>
    <ClInclude Include="..\inc\SocketApplication.h">
      <Filter>socketApplication</Filter>
    </ClInclude>
    <ClInclude Include="..\inc\EventManager.h">
      <Filter>message-event operation\EventManager</Filter>
    </ClInclude>
    <ClInclude Include="..\inc\LocalEventCode.h">
      <Filter>message-event operation\EventManager</Filter>
    </ClInclude>
    <ClInclude Include="..\inc\MessageQueue.h">
      <Filter>message-event operation\MessageQueue</Filter>
    </ClInclude>
    <ClInclude Include="..\inc\MessageQueueManager.h">
      <Filter>message-event operation\MessageQueue</Filter>
    </ClInclude>
    <ClInclude Include="..\inc\SpecialUserIndexDefined.h">
      <Filter>message-event operation\EventManager</Filter>
    </ClInclude>
    <ClInclude Include="..\inc\SocketClientApplication.h">
      <Filter>socketApplication</Filter>
    </ClInclude>
    <ClInclude Include="..\inc\SocketStructs.h">
      <Filter>socketApplication</Filter>
    </ClInclude>
    <ClInclude Include="..\inc\UserSession.h">
      <Filter>message-event operation\UserSessionManager</Filter>
    </ClInclude>
    <ClInclude Include="..\inc\UserSessionManager.h">
      <Filter>message-event operation\UserSessionManager</Filter>
    </ClInclude>
    <ClInclude Include="..\inc\UserSessionMsgCode.h">
      <Filter>message-event operation\UserSessionManager</Filter>
    </ClInclude>
    <ClInclude Include="..\src\ProtobufSource\cpp\ArmyAntMessage\Common\base.pb.h">
      <Filter>protobuf</Filter>
    </ClInclude>
    <ClInclude Include="..\src\ProtobufSource\cpp\ArmyAntMessage\DBProxy\SqlRequest.pb.h">
      <Filter>protobuf</Filter>
    </ClInclude>
    <ClInclude Include="..\src\ProtobufSource\cpp\ArmyAntMessage\System\SessionStart.pb.h">
      <Filter>protobuf</Filter>
    </ClInclude>
    <ClInclude Include="..\src\ProtobufSource\cpp\ArmyAntMessage\System\SocketHead.pb.h">
      <Filter>protobuf</Filter>
    </ClInclude>
    <ClInclude Include="..\src\ProtobufSource\cpp\ArmyAntMessage\SubApps\SimpleEcho.pb.h">
      <Filter>protobuf</Filter>
    </ClInclude>
    <ClInclude Include="..\src\ProtobufSource\cpp\ArmyAntMessage\SubApps\Huolong.pb.h">
      <Filter>protobuf</Filter>
    </ClInclude>
  </ItemGroup>
  <ItemGroup>
    <ClCompile Include="..\src\Utilities\SocketApplication.cpp">
      <Filter>socketApplication</Filter>
    </ClCompile>
    <ClCompile Include="..\src\Utilities\EventManager.cpp">
      <Filter>message-event operation\EventManager</Filter>
    </ClCompile>
    <ClCompile Include="..\src\Utilities\base.cpp">
      <Filter>base</Filter>
    </ClCompile>
    <ClCompile Include="..\src\Utilities\MessageQueueManager.cpp">
      <Filter>message-event operation\MessageQueue</Filter>
    </ClCompile>
    <ClCompile Include="..\src\Utilities\MessageQueue.cpp">
      <Filter>message-event operation\MessageQueue</Filter>
    </ClCompile>
    <ClCompile Include="..\src\Utilities\SocketClientApplication.cpp">
      <Filter>socketApplication</Filter>
    </ClCompile>
    <ClCompile Include="..\src\Utilities\UserSession.cpp">
      <Filter>message-event operation\UserSessionManager</Filter>
    </ClCompile>
    <ClCompile Include="..\src\Utilities\UserSessionManager.cpp">
      <Filter>message-event operation\UserSessionManager</Filter>
    </ClCompile>
    <ClCompile Include="..\src\ProtobufSource\cpp\ArmyAntMessage\Common\base.pb.cc">
      <Filter>protobuf</Filter>
    </ClCompile>
    <ClCompile Include="..\src\ProtobufSource\cpp\ArmyAntMessage\DBProxy\SqlRequest.pb.cc">
      <Filter>protobuf</Filter>
    </ClCompile>
    <ClCompile Include="..\src\ProtobufSource\cpp\ArmyAntMessage\System\SessionStart.pb.cc">
      <Filter>protobuf</Filter>
    </ClCompile>
    <ClCompile Include="..\src\ProtobufSource\cpp\ArmyAntMessage\System\SocketHead.pb.cc">
      <Filter>protobuf</Filter>
    </ClCompile>
    <ClCompile Include="..\src\ProtobufSource\cpp\ArmyAntMessage\SubApps\SimpleEcho.pb.cc">
      <Filter>protobuf</Filter>
    </ClCompile>
    <ClCompile Include="..\src\ProtobufSource\cpp\ArmyAntMessage\SubApps\Huolong.pb.cc">
      <Filter>protobuf</Filter>
    </ClCompile>
  </ItemGroup>
  <ItemGroup>
    <None Include="..\res\sqlScripts\initializeNewEmptyDB_MariaDB.sql">
      <Filter>resources\sql</Filter>
    </None>
    <None Include="..\res\sqlScripts\initializeNewEmptyDB_OracleMySql.sql">
      <Filter>resources\sql</Filter>
    </None>
    <None Include="..\res\ConfigJson\ServerMainConfig.json">
      <Filter>resources\json</Filter>
    </None>
    <None Include="..\res\ConfigJson\DBProxyConfig.json">
      <Filter>resources\json</Filter>
    </None>
    <None Include="..\res\proto\ArmyAntMessage\DBProxy\SqlRequest.proto">
      <Filter>resources\proto\ArmyAntMessage\DBProxy</Filter>
    </None>
    <None Include="..\res\proto\ArmyAntMessage\System\SessionStart.proto">
      <Filter>resources\proto\ArmyAntMessage\System</Filter>
    </None>
    <None Include="..\res\proto\ArmyAntMessage\System\SocketHead.proto">
      <Filter>resources\proto\ArmyAntMessage\System</Filter>
    </None>
    <None Include="..\res\proto\ArmyAntMessage\Common\base.proto">
      <Filter>resources\proto\ArmyAntMessage\Common</Filter>
    </None>
    <None Include="..\res\proto\ArmyAntMessage\SubApps\SimpleEcho.proto">
      <Filter>resources\proto\ArmyAntMessage\SubApps</Filter>
    </None>
    <None Include="..\res\proto\ArmyAntMessage\SubApps\Huolong.proto">
      <Filter>resources\proto\ArmyAntMessage\SubApps</Filter>
    </None>
    <None Include="..\res\proto\proto_message_code_helper.js">
      <Filter>resources\proto</Filter>
    </None>
  </ItemGroup>
</Project>