// !$*UTF8*$!
{
	archiveVersion = 1;
	classes = {
	};
	objectVersion = 50;
	objects = {

/* Begin PBXBuildFile section */
		7825F7BD2228077C0054E846 /* libDatabaseProxyCore.a in Frameworks */ = {isa = PBXBuildFile; fileRef = 7825F7BC2228077C0054E846 /* libDatabaseProxyCore.a */; };
		785082E622280C4F0009DB08 /* libArmyAntLib_mac_d.dylib in Frameworks */ = {isa = PBXBuildFile; fileRef = 785082E422280C4E0009DB08 /* libArmyAntLib_mac_d.dylib */; };
		785082E722280C4F0009DB08 /* libboost_system.dylib in Frameworks */ = {isa = PBXBuildFile; fileRef = 785082E522280C4E0009DB08 /* libboost_system.dylib */; };
		785082E922280C600009DB08 /* libServerUtilities.a in Frameworks */ = {isa = PBXBuildFile; fileRef = 785082E822280C600009DB08 /* libServerUtilities.a */; };
		785082EB22280C890009DB08 /* libprotobuf.dylib in Frameworks */ = {isa = PBXBuildFile; fileRef = 785082EA22280C890009DB08 /* libprotobuf.dylib */; };
		785082F322280F610009DB08 /* libArmyAntLib_mac_d.dylib in CopyFiles */ = {isa = PBXBuildFile; fileRef = 785082E422280C4E0009DB08 /* libArmyAntLib_mac_d.dylib */; };
		78508303222813CC0009DB08 /* libmysqlcppconn8.1.8.0.11.dylib in CopyFiles */ = {isa = PBXBuildFile; fileRef = 785082F5222813C90009DB08 /* libmysqlcppconn8.1.8.0.11.dylib */; };
		78508304222813CC0009DB08 /* libcrypto.1.0.0.dylib in CopyFiles */ = {isa = PBXBuildFile; fileRef = 785082F6222813C90009DB08 /* libcrypto.1.0.0.dylib */; };
		78508307222813CC0009DB08 /* libssl.dylib in CopyFiles */ = {isa = PBXBuildFile; fileRef = 785082F9222813CA0009DB08 /* libssl.dylib */; };
		78508308222813CC0009DB08 /* libcrypto.dylib in CopyFiles */ = {isa = PBXBuildFile; fileRef = 785082FA222813CA0009DB08 /* libcrypto.dylib */; };
		78508309222813CC0009DB08 /* libmysqlcppconn8.1.8.0.12.dylib in CopyFiles */ = {isa = PBXBuildFile; fileRef = 785082FB222813CA0009DB08 /* libmysqlcppconn8.1.8.0.12.dylib */; };
		7850830A222813CC0009DB08 /* libmysqlcppconn.7.dylib in CopyFiles */ = {isa = PBXBuildFile; fileRef = 785082FD222813CB0009DB08 /* libmysqlcppconn.7.dylib */; };
		7850830B222813CC0009DB08 /* libmysqlcppconn.7.8.0.12.dylib in CopyFiles */ = {isa = PBXBuildFile; fileRef = 785082FE222813CB0009DB08 /* libmysqlcppconn.7.8.0.12.dylib */; };
		7850830C222813CC0009DB08 /* libmysqlcppconn.7.8.0.11.dylib in CopyFiles */ = {isa = PBXBuildFile; fileRef = 785082FF222813CB0009DB08 /* libmysqlcppconn.7.8.0.11.dylib */; };
		7850830D222813CC0009DB08 /* libmysqlcppconn8.1.dylib in CopyFiles */ = {isa = PBXBuildFile; fileRef = 78508300222813CB0009DB08 /* libmysqlcppconn8.1.dylib */; };
		7850830E222813CC0009DB08 /* libmysqlcppconn8.dylib in CopyFiles */ = {isa = PBXBuildFile; fileRef = 78508301222813CB0009DB08 /* libmysqlcppconn8.dylib */; };
		7850830F222813CC0009DB08 /* libssl.1.0.0.dylib in CopyFiles */ = {isa = PBXBuildFile; fileRef = 78508302222813CC0009DB08 /* libssl.1.0.0.dylib */; };
		78508311222814E20009DB08 /* libmysqlcppconn.7.dylib in Frameworks */ = {isa = PBXBuildFile; fileRef = 785082FD222813CB0009DB08 /* libmysqlcppconn.7.dylib */; };
		785083162228199A0009DB08 /* libboost_system.dylib in CopyFiles */ = {isa = PBXBuildFile; fileRef = 785082E522280C4E0009DB08 /* libboost_system.dylib */; };
		78508317222819A20009DB08 /* libprotobuf.dylib in CopyFiles */ = {isa = PBXBuildFile; fileRef = 785082EA22280C890009DB08 /* libprotobuf.dylib */; };
		7850831E22281B740009DB08 /* libmysqlcppconn.dylib in Frameworks */ = {isa = PBXBuildFile; fileRef = 7850831D22281B740009DB08 /* libmysqlcppconn.dylib */; };
		7850831F22281B840009DB08 /* libmysqlcppconn.dylib in CopyFiles */ = {isa = PBXBuildFile; fileRef = 7850831D22281B740009DB08 /* libmysqlcppconn.dylib */; };
		966A084C21354D3100EDAE08 /* ArmyAntDBProxy.cpp in Sources */ = {isa = PBXBuildFile; fileRef = 966A084B21354D3100EDAE08 /* ArmyAntDBProxy.cpp */; };
/* End PBXBuildFile section */

/* Begin PBXCopyFilesBuildPhase section */
		966A08022135435900EDAE08 /* CopyFiles */ = {
			isa = PBXCopyFilesBuildPhase;
			buildActionMask = 12;
			dstPath = "$(BUILD_DIR)";
			dstSubfolderSpec = 0;
			files = (
				7850831F22281B840009DB08 /* libmysqlcppconn.dylib in CopyFiles */,
				78508317222819A20009DB08 /* libprotobuf.dylib in CopyFiles */,
				785083162228199A0009DB08 /* libboost_system.dylib in CopyFiles */,
				78508303222813CC0009DB08 /* libmysqlcppconn8.1.8.0.11.dylib in CopyFiles */,
				78508304222813CC0009DB08 /* libcrypto.1.0.0.dylib in CopyFiles */,
				78508307222813CC0009DB08 /* libssl.dylib in CopyFiles */,
				78508308222813CC0009DB08 /* libcrypto.dylib in CopyFiles */,
				78508309222813CC0009DB08 /* libmysqlcppconn8.1.8.0.12.dylib in CopyFiles */,
				7850830A222813CC0009DB08 /* libmysqlcppconn.7.dylib in CopyFiles */,
				7850830B222813CC0009DB08 /* libmysqlcppconn.7.8.0.12.dylib in CopyFiles */,
				7850830C222813CC0009DB08 /* libmysqlcppconn.7.8.0.11.dylib in CopyFiles */,
				7850830D222813CC0009DB08 /* libmysqlcppconn8.1.dylib in CopyFiles */,
				7850830E222813CC0009DB08 /* libmysqlcppconn8.dylib in CopyFiles */,
				7850830F222813CC0009DB08 /* libssl.1.0.0.dylib in CopyFiles */,
				785082F322280F610009DB08 /* libArmyAntLib_mac_d.dylib in CopyFiles */,
			);
			runOnlyForDeploymentPostprocessing = 0;
		};
/* End PBXCopyFilesBuildPhase section */

/* Begin PBXFileReference section */
		7825F7BC2228077C0054E846 /* libDatabaseProxyCore.a */ = {isa = PBXFileReference; explicitFileType = archive.ar; path = libDatabaseProxyCore.a; sourceTree = BUILT_PRODUCTS_DIR; };
		785082E422280C4E0009DB08 /* libArmyAntLib_mac_d.dylib */ = {isa = PBXFileReference; lastKnownFileType = "compiled.mach-o.dylib"; name = libArmyAntLib_mac_d.dylib; path = ../external/ArmyAntLib/bin/libArmyAntLib_mac_d.dylib; sourceTree = "<group>"; };
		785082E522280C4E0009DB08 /* libboost_system.dylib */ = {isa = PBXFileReference; lastKnownFileType = "compiled.mach-o.dylib"; name = libboost_system.dylib; path = ../external/ArmyAntLib/bin/libboost_system.dylib; sourceTree = "<group>"; };
		785082E822280C600009DB08 /* libServerUtilities.a */ = {isa = PBXFileReference; explicitFileType = archive.ar; path = libServerUtilities.a; sourceTree = BUILT_PRODUCTS_DIR; };
		785082EA22280C890009DB08 /* libprotobuf.dylib */ = {isa = PBXFileReference; lastKnownFileType = "compiled.mach-o.dylib"; name = libprotobuf.dylib; path = ../../../../../../../usr/local/lib/libprotobuf.dylib; sourceTree = "<group>"; };
		785082F5222813C90009DB08 /* libmysqlcppconn8.1.8.0.11.dylib */ = {isa = PBXFileReference; lastKnownFileType = "compiled.mach-o.dylib"; name = libmysqlcppconn8.1.8.0.11.dylib; path = "../external/mysql/mysql-connector-c++-8.0.12/lib64-darwin/libmysqlcppconn8.1.8.0.11.dylib"; sourceTree = "<group>"; };
		785082F6222813C90009DB08 /* libcrypto.1.0.0.dylib */ = {isa = PBXFileReference; lastKnownFileType = "compiled.mach-o.dylib"; name = libcrypto.1.0.0.dylib; path = "../external/mysql/mysql-connector-c++-8.0.12/lib64-darwin/libcrypto.1.0.0.dylib"; sourceTree = "<group>"; };
		785082F7222813CA0009DB08 /* libmysqlcppconn-static.a */ = {isa = PBXFileReference; lastKnownFileType = archive.ar; name = "libmysqlcppconn-static.a"; path = "../external/mysql/mysql-connector-c++-8.0.12/lib64-darwin/libmysqlcppconn-static.a"; sourceTree = "<group>"; };
		785082F8222813CA0009DB08 /* libmysqlcppconn8-static.a */ = {isa = PBXFileReference; lastKnownFileType = archive.ar; name = "libmysqlcppconn8-static.a"; path = "../external/mysql/mysql-connector-c++-8.0.12/lib64-darwin/libmysqlcppconn8-static.a"; sourceTree = "<group>"; };
		785082F9222813CA0009DB08 /* libssl.dylib */ = {isa = PBXFileReference; lastKnownFileType = "compiled.mach-o.dylib"; name = libssl.dylib; path = "../external/mysql/mysql-connector-c++-8.0.12/lib64-darwin/libssl.dylib"; sourceTree = "<group>"; };
		785082FA222813CA0009DB08 /* libcrypto.dylib */ = {isa = PBXFileReference; lastKnownFileType = "compiled.mach-o.dylib"; name = libcrypto.dylib; path = "../external/mysql/mysql-connector-c++-8.0.12/lib64-darwin/libcrypto.dylib"; sourceTree = "<group>"; };
		785082FB222813CA0009DB08 /* libmysqlcppconn8.1.8.0.12.dylib */ = {isa = PBXFileReference; lastKnownFileType = "compiled.mach-o.dylib"; name = libmysqlcppconn8.1.8.0.12.dylib; path = "../external/mysql/mysql-connector-c++-8.0.12/lib64-darwin/libmysqlcppconn8.1.8.0.12.dylib"; sourceTree = "<group>"; };
		785082FD222813CB0009DB08 /* libmysqlcppconn.7.dylib */ = {isa = PBXFileReference; lastKnownFileType = "compiled.mach-o.dylib"; name = libmysqlcppconn.7.dylib; path = "../external/mysql/mysql-connector-c++-8.0.12/lib64-darwin/libmysqlcppconn.7.dylib"; sourceTree = "<group>"; };
		785082FE222813CB0009DB08 /* libmysqlcppconn.7.8.0.12.dylib */ = {isa = PBXFileReference; lastKnownFileType = "compiled.mach-o.dylib"; name = libmysqlcppconn.7.8.0.12.dylib; path = "../external/mysql/mysql-connector-c++-8.0.12/lib64-darwin/libmysqlcppconn.7.8.0.12.dylib"; sourceTree = "<group>"; };
		785082FF222813CB0009DB08 /* libmysqlcppconn.7.8.0.11.dylib */ = {isa = PBXFileReference; lastKnownFileType = "compiled.mach-o.dylib"; name = libmysqlcppconn.7.8.0.11.dylib; path = "../external/mysql/mysql-connector-c++-8.0.12/lib64-darwin/libmysqlcppconn.7.8.0.11.dylib"; sourceTree = "<group>"; };
		78508300222813CB0009DB08 /* libmysqlcppconn8.1.dylib */ = {isa = PBXFileReference; lastKnownFileType = "compiled.mach-o.dylib"; name = libmysqlcppconn8.1.dylib; path = "../external/mysql/mysql-connector-c++-8.0.12/lib64-darwin/libmysqlcppconn8.1.dylib"; sourceTree = "<group>"; };
		78508301222813CB0009DB08 /* libmysqlcppconn8.dylib */ = {isa = PBXFileReference; lastKnownFileType = "compiled.mach-o.dylib"; name = libmysqlcppconn8.dylib; path = "../external/mysql/mysql-connector-c++-8.0.12/lib64-darwin/libmysqlcppconn8.dylib"; sourceTree = "<group>"; };
		78508302222813CC0009DB08 /* libssl.1.0.0.dylib */ = {isa = PBXFileReference; lastKnownFileType = "compiled.mach-o.dylib"; name = libssl.1.0.0.dylib; path = "../external/mysql/mysql-connector-c++-8.0.12/lib64-darwin/libssl.1.0.0.dylib"; sourceTree = "<group>"; };
		7850831D22281B740009DB08 /* libmysqlcppconn.dylib */ = {isa = PBXFileReference; lastKnownFileType = "compiled.mach-o.dylib"; name = libmysqlcppconn.dylib; path = "../external/mysql/mysql-connector-c++-8.0.12/lib64-darwin/libmysqlcppconn.dylib"; sourceTree = "<group>"; };
		966A08042135435900EDAE08 /* DBProxy */ = {isa = PBXFileReference; explicitFileType = "compiled.mach-o.executable"; includeInIndex = 0; path = DBProxy; sourceTree = BUILT_PRODUCTS_DIR; };
		966A084B21354D3100EDAE08 /* ArmyAntDBProxy.cpp */ = {isa = PBXFileReference; fileEncoding = 4; lastKnownFileType = sourcecode.cpp.cpp; name = ArmyAntDBProxy.cpp; path = ../src/DBProxyEntry/ArmyAntDBProxy.cpp; sourceTree = "<group>"; };
/* End PBXFileReference section */

/* Begin PBXFrameworksBuildPhase section */
		966A08012135435900EDAE08 /* Frameworks */ = {
			isa = PBXFrameworksBuildPhase;
			buildActionMask = 2147483647;
			files = (
				78508311222814E20009DB08 /* libmysqlcppconn.7.dylib in Frameworks */,
				785082E922280C600009DB08 /* libServerUtilities.a in Frameworks */,
				785082E622280C4F0009DB08 /* libArmyAntLib_mac_d.dylib in Frameworks */,
				7825F7BD2228077C0054E846 /* libDatabaseProxyCore.a in Frameworks */,
				7850831E22281B740009DB08 /* libmysqlcppconn.dylib in Frameworks */,
				785082E722280C4F0009DB08 /* libboost_system.dylib in Frameworks */,
				785082EB22280C890009DB08 /* libprotobuf.dylib in Frameworks */,
			);
			runOnlyForDeploymentPostprocessing = 0;
		};
/* End PBXFrameworksBuildPhase section */

/* Begin PBXGroup section */
		7825F7BB2228077C0054E846 /* Frameworks */ = {
			isa = PBXGroup;
			children = (
				7850831D22281B740009DB08 /* libmysqlcppconn.dylib */,
				785082E522280C4E0009DB08 /* libboost_system.dylib */,
				785082E422280C4E0009DB08 /* libArmyAntLib_mac_d.dylib */,
				785082EA22280C890009DB08 /* libprotobuf.dylib */,
				785082E822280C600009DB08 /* libServerUtilities.a */,
				7825F7BC2228077C0054E846 /* libDatabaseProxyCore.a */,
			);
			name = Frameworks;
			sourceTree = "<group>";
		};
		78508310222813DE0009DB08 /* libs */ = {
			isa = PBXGroup;
			children = (
				785082F6222813C90009DB08 /* libcrypto.1.0.0.dylib */,
				785082FA222813CA0009DB08 /* libcrypto.dylib */,
				785082F7222813CA0009DB08 /* libmysqlcppconn-static.a */,
				785082FF222813CB0009DB08 /* libmysqlcppconn.7.8.0.11.dylib */,
				785082FE222813CB0009DB08 /* libmysqlcppconn.7.8.0.12.dylib */,
				785082FD222813CB0009DB08 /* libmysqlcppconn.7.dylib */,
				785082F8222813CA0009DB08 /* libmysqlcppconn8-static.a */,
				785082F5222813C90009DB08 /* libmysqlcppconn8.1.8.0.11.dylib */,
				785082FB222813CA0009DB08 /* libmysqlcppconn8.1.8.0.12.dylib */,
				78508300222813CB0009DB08 /* libmysqlcppconn8.1.dylib */,
				78508301222813CB0009DB08 /* libmysqlcppconn8.dylib */,
				78508302222813CC0009DB08 /* libssl.1.0.0.dylib */,
				785082F9222813CA0009DB08 /* libssl.dylib */,
			);
			name = libs;
			sourceTree = "<group>";
		};
		966A07FB2135435900EDAE08 = {
			isa = PBXGroup;
			children = (
				78508310222813DE0009DB08 /* libs */,
				966A08462135489000EDAE08 /* src */,
				966A08052135435900EDAE08 /* Products */,
				7825F7BB2228077C0054E846 /* Frameworks */,
			);
			sourceTree = "<group>";
		};
		966A08052135435900EDAE08 /* Products */ = {
			isa = PBXGroup;
			children = (
				966A08042135435900EDAE08 /* DBProxy */,
			);
			name = Products;
			sourceTree = "<group>";
		};
		966A08462135489000EDAE08 /* src */ = {
			isa = PBXGroup;
			children = (
				966A084B21354D3100EDAE08 /* ArmyAntDBProxy.cpp */,
			);
			name = src;
			sourceTree = "<group>";
		};
/* End PBXGroup section */

/* Begin PBXNativeTarget section */
		966A08032135435900EDAE08 /* DBProxy */ = {
			isa = PBXNativeTarget;
			buildConfigurationList = 966A080B2135435900EDAE08 /* Build configuration list for PBXNativeTarget "DBProxy" */;
			buildPhases = (
				966A08002135435900EDAE08 /* Sources */,
				966A08012135435900EDAE08 /* Frameworks */,
				966A08022135435900EDAE08 /* CopyFiles */,
			);
			buildRules = (
			);
			dependencies = (
			);
			name = DBProxy;
			productName = DBProxy;
			productReference = 966A08042135435900EDAE08 /* DBProxy */;
			productType = "com.apple.product-type.tool";
		};
/* End PBXNativeTarget section */

/* Begin PBXProject section */
		966A07FC2135435900EDAE08 /* Project object */ = {
			isa = PBXProject;
			attributes = {
				LastUpgradeCheck = 0940;
				ORGANIZATIONNAME = ArmyAnt;
				TargetAttributes = {
					966A08032135435900EDAE08 = {
						CreatedOnToolsVersion = 9.4.1;
					};
				};
			};
			buildConfigurationList = 966A07FF2135435900EDAE08 /* Build configuration list for PBXProject "DBProxy" */;
			compatibilityVersion = "Xcode 9.3";
			developmentRegion = en;
			hasScannedForEncodings = 0;
			knownRegions = (
				en,
			);
			mainGroup = 966A07FB2135435900EDAE08;
			productRefGroup = 966A08052135435900EDAE08 /* Products */;
			projectDirPath = "";
			projectRoot = "";
			targets = (
				966A08032135435900EDAE08 /* DBProxy */,
			);
		};
/* End PBXProject section */

/* Begin PBXSourcesBuildPhase section */
		966A08002135435900EDAE08 /* Sources */ = {
			isa = PBXSourcesBuildPhase;
			buildActionMask = 2147483647;
			files = (
				966A084C21354D3100EDAE08 /* ArmyAntDBProxy.cpp in Sources */,
			);
			runOnlyForDeploymentPostprocessing = 0;
		};
/* End PBXSourcesBuildPhase section */

/* Begin XCBuildConfiguration section */
		966A08092135435900EDAE08 /* Debug */ = {
			isa = XCBuildConfiguration;
			buildSettings = {
				ALWAYS_SEARCH_USER_PATHS = NO;
				CLANG_ANALYZER_NONNULL = YES;
				CLANG_ANALYZER_NUMBER_OBJECT_CONVERSION = YES_AGGRESSIVE;
				CLANG_CXX_LANGUAGE_STANDARD = "gnu++14";
				CLANG_CXX_LIBRARY = "libc++";
				CLANG_ENABLE_MODULES = YES;
				CLANG_ENABLE_OBJC_ARC = YES;
				CLANG_ENABLE_OBJC_WEAK = YES;
				CLANG_WARN_BLOCK_CAPTURE_AUTORELEASING = YES;
				CLANG_WARN_BOOL_CONVERSION = YES;
				CLANG_WARN_COMMA = YES;
				CLANG_WARN_CONSTANT_CONVERSION = YES;
				CLANG_WARN_DEPRECATED_OBJC_IMPLEMENTATIONS = YES;
				CLANG_WARN_DIRECT_OBJC_ISA_USAGE = YES_ERROR;
				CLANG_WARN_DOCUMENTATION_COMMENTS = YES;
				CLANG_WARN_EMPTY_BODY = YES;
				CLANG_WARN_ENUM_CONVERSION = YES;
				CLANG_WARN_INFINITE_RECURSION = YES;
				CLANG_WARN_INT_CONVERSION = YES;
				CLANG_WARN_NON_LITERAL_NULL_CONVERSION = YES;
				CLANG_WARN_OBJC_IMPLICIT_RETAIN_SELF = YES;
				CLANG_WARN_OBJC_LITERAL_CONVERSION = YES;
				CLANG_WARN_OBJC_ROOT_CLASS = YES_ERROR;
				CLANG_WARN_RANGE_LOOP_ANALYSIS = YES;
				CLANG_WARN_STRICT_PROTOTYPES = YES;
				CLANG_WARN_SUSPICIOUS_MOVE = YES;
				CLANG_WARN_UNGUARDED_AVAILABILITY = YES_AGGRESSIVE;
				CLANG_WARN_UNREACHABLE_CODE = YES;
				CLANG_WARN__DUPLICATE_METHOD_MATCH = YES;
				CODE_SIGN_IDENTITY = "-";
				CONFIGURATION_BUILD_DIR = "$(BUILD_DIR)";
				CONFIGURATION_TEMP_DIR = "$(PROJECT_TEMP_DIR)";
				COPY_PHASE_STRIP = NO;
				DEBUG_INFORMATION_FORMAT = dwarf;
				ENABLE_STRICT_OBJC_MSGSEND = YES;
				ENABLE_TESTABILITY = YES;
				GCC_C_LANGUAGE_STANDARD = gnu11;
				GCC_DYNAMIC_NO_PIC = NO;
				GCC_NO_COMMON_BLOCKS = YES;
				GCC_OPTIMIZATION_LEVEL = 0;
				GCC_PREPROCESSOR_DEFINITIONS = (
					"$(inherited)",
					_cplusplus,
					_x86,
					_64BIT,
					OS_UNIX,
					OS_BSD,
					OS_MACOS,
					_LLVM,
					_XCODE,
					"DEBUG=1",
					_DEBUG,
				);
				GCC_WARN_64_TO_32_BIT_CONVERSION = YES;
				GCC_WARN_ABOUT_RETURN_TYPE = YES_ERROR;
				GCC_WARN_UNDECLARED_SELECTOR = YES;
				GCC_WARN_UNINITIALIZED_AUTOS = YES_AGGRESSIVE;
				GCC_WARN_UNUSED_FUNCTION = YES;
				GCC_WARN_UNUSED_VARIABLE = YES;
				HEADER_SEARCH_PATHS = (
					"$(SRCROOT)",
					"$(SRCROOT)/../inc",
					"$(SRCROOT)/../external/ArmyAntLib/inc",
					"$(SRCROOT)/../external/mysql/mysql-connector-c++-8.0.12/include",
					"$(SRCROOT)/../src/ProtobufSource/cpp",
					"$(SRCROOT)/../external/Protobuf/src",
					"$(SRCROOT)/../external/ArmyAntLib/external/boost",
				);
				LIBRARY_SEARCH_PATHS = (
					/usr/local/lib,
					"$(SRCROOT)/../external/ArmyAntLib/bin",
					"$(SRCROOT)/../external/mysql/mysql-connector-c++-8.0.12/lib64-darwin",
				);
				MACOSX_DEPLOYMENT_TARGET = 10.13;
				MTL_ENABLE_DEBUG_INFO = YES;
				ONLY_ACTIVE_ARCH = YES;
				SDKROOT = macosx;
				SYMROOT = "$(SRCROOT)/../bin";
			};
			name = Debug;
		};
		966A080A2135435900EDAE08 /* Release */ = {
			isa = XCBuildConfiguration;
			buildSettings = {
				ALWAYS_SEARCH_USER_PATHS = NO;
				CLANG_ANALYZER_NONNULL = YES;
				CLANG_ANALYZER_NUMBER_OBJECT_CONVERSION = YES_AGGRESSIVE;
				CLANG_CXX_LANGUAGE_STANDARD = "gnu++14";
				CLANG_CXX_LIBRARY = "libc++";
				CLANG_ENABLE_MODULES = YES;
				CLANG_ENABLE_OBJC_ARC = YES;
				CLANG_ENABLE_OBJC_WEAK = YES;
				CLANG_WARN_BLOCK_CAPTURE_AUTORELEASING = YES;
				CLANG_WARN_BOOL_CONVERSION = YES;
				CLANG_WARN_COMMA = YES;
				CLANG_WARN_CONSTANT_CONVERSION = YES;
				CLANG_WARN_DEPRECATED_OBJC_IMPLEMENTATIONS = YES;
				CLANG_WARN_DIRECT_OBJC_ISA_USAGE = YES_ERROR;
				CLANG_WARN_DOCUMENTATION_COMMENTS = YES;
				CLANG_WARN_EMPTY_BODY = YES;
				CLANG_WARN_ENUM_CONVERSION = YES;
				CLANG_WARN_INFINITE_RECURSION = YES;
				CLANG_WARN_INT_CONVERSION = YES;
				CLANG_WARN_NON_LITERAL_NULL_CONVERSION = YES;
				CLANG_WARN_OBJC_IMPLICIT_RETAIN_SELF = YES;
				CLANG_WARN_OBJC_LITERAL_CONVERSION = YES;
				CLANG_WARN_OBJC_ROOT_CLASS = YES_ERROR;
				CLANG_WARN_RANGE_LOOP_ANALYSIS = YES;
				CLANG_WARN_STRICT_PROTOTYPES = YES;
				CLANG_WARN_SUSPICIOUS_MOVE = YES;
				CLANG_WARN_UNGUARDED_AVAILABILITY = YES_AGGRESSIVE;
				CLANG_WARN_UNREACHABLE_CODE = YES;
				CLANG_WARN__DUPLICATE_METHOD_MATCH = YES;
				CODE_SIGN_IDENTITY = "-";
				CONFIGURATION_BUILD_DIR = "$(BUILD_DIR)";
				CONFIGURATION_TEMP_DIR = "$(PROJECT_TEMP_DIR)";
				COPY_PHASE_STRIP = NO;
				DEBUG_INFORMATION_FORMAT = "dwarf-with-dsym";
				ENABLE_NS_ASSERTIONS = NO;
				ENABLE_STRICT_OBJC_MSGSEND = YES;
				GCC_C_LANGUAGE_STANDARD = gnu11;
				GCC_NO_COMMON_BLOCKS = YES;
				GCC_PREPROCESSOR_DEFINITIONS = (
					"$(inherited)",
					_cplusplus,
					_x86,
					_64BIT,
					OS_UNIX,
					OS_BSD,
					OS_MACOS,
					_LLVM,
					_XCODE,
					NDEBUG,
				);
				GCC_WARN_64_TO_32_BIT_CONVERSION = YES;
				GCC_WARN_ABOUT_RETURN_TYPE = YES_ERROR;
				GCC_WARN_UNDECLARED_SELECTOR = YES;
				GCC_WARN_UNINITIALIZED_AUTOS = YES_AGGRESSIVE;
				GCC_WARN_UNUSED_FUNCTION = YES;
				GCC_WARN_UNUSED_VARIABLE = YES;
				HEADER_SEARCH_PATHS = (
					"$(SRCROOT)",
					"$(SRCROOT)/../inc",
					"$(SRCROOT)/../external/ArmyAntLib/inc",
					"$(SRCROOT)/../external/mysql/mysql-connector-c++-8.0.12/include",
					"$(SRCROOT)/../src/ProtobufSource/cpp",
					"$(SRCROOT)/../external/Protobuf/src",
					"$(SRCROOT)/../external/ArmyAntLib/external/boost",
				);
				LIBRARY_SEARCH_PATHS = (
					/usr/local/lib,
					"$(SRCROOT)/../external/ArmyAntLib/bin",
					"$(SRCROOT)/../external/mysql/mysql-connector-c++-8.0.12/lib64-darwin",
				);
				MACOSX_DEPLOYMENT_TARGET = 10.13;
				MTL_ENABLE_DEBUG_INFO = NO;
				SDKROOT = macosx;
				SYMROOT = "$(SRCROOT)/../bin";
			};
			name = Release;
		};
		966A080C2135435900EDAE08 /* Debug */ = {
			isa = XCBuildConfiguration;
			buildSettings = {
				CODE_SIGN_STYLE = Automatic;
				PRODUCT_NAME = "$(TARGET_NAME)";
			};
			name = Debug;
		};
		966A080D2135435900EDAE08 /* Release */ = {
			isa = XCBuildConfiguration;
			buildSettings = {
				CODE_SIGN_STYLE = Automatic;
				PRODUCT_NAME = "$(TARGET_NAME)";
			};
			name = Release;
		};
/* End XCBuildConfiguration section */

/* Begin XCConfigurationList section */
		966A07FF2135435900EDAE08 /* Build configuration list for PBXProject "DBProxy" */ = {
			isa = XCConfigurationList;
			buildConfigurations = (
				966A08092135435900EDAE08 /* Debug */,
				966A080A2135435900EDAE08 /* Release */,
			);
			defaultConfigurationIsVisible = 0;
			defaultConfigurationName = Release;
		};
		966A080B2135435900EDAE08 /* Build configuration list for PBXNativeTarget "DBProxy" */ = {
			isa = XCConfigurationList;
			buildConfigurations = (
				966A080C2135435900EDAE08 /* Debug */,
				966A080D2135435900EDAE08 /* Release */,
			);
			defaultConfigurationIsVisible = 0;
			defaultConfigurationName = Release;
		};
/* End XCConfigurationList section */
	};
	rootObject = 966A07FC2135435900EDAE08 /* Project object */;
}
